# THIS IS AN AUTOGENERATED FILE. DO NOT EDIT THIS FILE DIRECTLY.
# yarn lockfile v1


"@uirouter/core@5.0.3":
  version "5.0.3"
  resolved "https://registry.yarnpkg.com/@uirouter/core/-/core-5.0.3.tgz#e2b5b1e45190e20c67ba4e15c013de5d4e0ccab3"

angular-animate@^1.6.9:
  version "1.6.9"
  resolved "https://registry.yarnpkg.com/angular-animate/-/angular-animate-1.6.9.tgz#a0f926c1ba3190bd8929ef966a7fa79760682622"

angular-aria@^1.6.9:
  version "1.6.9"
  resolved "https://registry.yarnpkg.com/angular-aria/-/angular-aria-1.6.9.tgz#150fa603ba7f604f48e3715b76ab3ec4b78971a6"

angular-material@^1.1.7:
  version "1.1.7"
  resolved "https://registry.yarnpkg.com/angular-material/-/angular-material-1.1.7.tgz#b3ebe28bc884495285932fb9cf4f58ed6ce6f4ab"

angular-route@^1.6.9:
  version "1.6.9"
  resolved "https://registry.yarnpkg.com/angular-route/-/angular-route-1.6.9.tgz#73c63cec6a8a6b924698aec635eac32aa41f5e2b"

angular-router@^0.0.2:
  version "0.0.2"
  resolved "https://registry.yarnpkg.com/angular-router/-/angular-router-0.0.2.tgz#50ddd91f43edda87da8335acb21d438a782e22fc"

angular-ui-router@^1.0.3:
  version "1.0.3"
  resolved "https://registry.yarnpkg.com/angular-ui-router/-/angular-ui-router-1.0.3.tgz#bf2494caae95c37cf01af3761d89747cfed2db45"
  dependencies:
    "@uirouter/core" "5.0.3"

angular@^1.6.9:
  version "1.6.9"
  resolved "https://registry.yarnpkg.com/angular/-/angular-1.6.9.tgz#bc812932e18909038412d594a5990f4bb66c0619"

bootstrap@^4.0.0:
  version "4.0.0"
  resolved "https://registry.yarnpkg.com/bootstrap/-/bootstrap-4.0.0.tgz#ceb03842c145fcc1b9b4e15da2a05656ba68469a"

fontawesome@^4.7.2:
  version "4.7.2"
  resolved "https://registry.yarnpkg.com/fontawesome/-/fontawesome-4.7.2.tgz#7f0c72ac7a6b029d3375bacb23522d9acfc50a52"
